
Microsoft Visual Studio Solution File, Format Version 12.00
# Visual Studio Version 17
VisualStudioVersion = 17.10.35004.147
MinimumVisualStudioVersion = 10.0.40219.1
Project("{FAE04EC0-301F-11D3-BF4B-00C04F79EFBC}") = "eee", "eee\eee.csproj", "{BB2E9CF0-0FB0-443A-9FD1-EA39DFA24720}"
EndProject
Global
	GlobalSection(SolutionConfigurationPlatforms) = preSolution
		Debug|Any CPU = Debug|Any CPU
		Release|Any CPU = Release|Any CPU
	EndGlobalSection
	GlobalSection(ProjectConfigurationPlatforms) = postSolution
		{BB2E9CF0-0FB0-443A-9FD1-EA39DFA24720}.Debug|Any CPU.ActiveCfg = Debug|Any CPU
		{BB2E9CF0-0FB0-443A-9FD1-EA39DFA24720}.Debug|Any CPU.Build.0 = Debug|Any CPU
		{BB2E9CF0-0FB0-443A-9FD1-EA39DFA24720}.Release|Any CPU.ActiveCfg = Release|Any CPU
		{BB2E9CF0-0FB0-443A-9FD1-EA39DFA24720}.Release|Any CPU.Build.0 = Release|Any CPU
	EndGlobalSection
	GlobalSection(SolutionProperties) = preSolution
		HideSolutionNode = FALSE
	EndGlobalSection
	GlobalSection(ExtensibilityGlobals) = postSolution
		SolutionGuid = {2F07EED5-4A26-4923-B81B-E6C78B3C2D7F}
	EndGlobalSection
EndGlobal
